
Microsoft Visual Studio Solution File, Format Version 12.00
# Visual Studio Version 16
VisualStudioVersion = 16.0.32106.194
MinimumVisualStudioVersion = 10.0.40219.1
Project("{FAE04EC0-301F-11D3-BF4B-00C04F79EFBC}") = "DemoBankClient", "DemoBankClient\DemoBankClient.csproj", "{30A0E4E5-90DE-4320-90A6-C7D170754135}"
EndProject
Global
	GlobalSection(SolutionConfigurationPlatforms) = preSolution
		Debug|Any CPU = Debug|Any CPU
		Release|Any CPU = Release|Any CPU
	EndGlobalSection
	GlobalSection(ProjectConfigurationPlatforms) = postSolution
		{30A0E4E5-90DE-4320-90A6-C7D170754135}.Debug|Any CPU.ActiveCfg = Debug|Any CPU
		{30A0E4E5-90DE-4320-90A6-C7D170754135}.Debug|Any CPU.Build.0 = Debug|Any CPU
		{30A0E4E5-90DE-4320-90A6-C7D170754135}.Release|Any CPU.ActiveCfg = Release|Any CPU
		{30A0E4E5-90DE-4320-90A6-C7D170754135}.Release|Any CPU.Build.0 = Release|Any CPU
	EndGlobalSection
	GlobalSection(SolutionProperties) = preSolution
		HideSolutionNode = FALSE
	EndGlobalSection
	GlobalSection(ExtensibilityGlobals) = postSolution
		SolutionGuid = {762B2F8B-8BD4-4CB3-A9D7-8C0BD24D304F}
	EndGlobalSection
EndGlobal
